
Microsoft Visual Studio Solution File, Format Version 12.00
# Visual Studio Version 16
VisualStudioVersion = 16.0.30320.27
MinimumVisualStudioVersion = 10.0.40219.1
Project("{FAE04EC0-301F-11D3-BF4B-00C04F79EFBC}") = "DemoAPI", "DemoAPI\DemoAPI.csproj", "{9B9FA8C9-3537-4AAA-A0A8-3863636F1F77}"
EndProject
Global
	GlobalSection(SolutionConfigurationPlatforms) = preSolution
		Debug|Any CPU = Debug|Any CPU
		Release|Any CPU = Release|Any CPU
	EndGlobalSection
	GlobalSection(ProjectConfigurationPlatforms) = postSolution
		{9B9FA8C9-3537-4AAA-A0A8-3863636F1F77}.Debug|Any CPU.ActiveCfg = Debug|Any CPU
		{9B9FA8C9-3537-4AAA-A0A8-3863636F1F77}.Debug|Any CPU.Build.0 = Debug|Any CPU
		{9B9FA8C9-3537-4AAA-A0A8-3863636F1F77}.Release|Any CPU.ActiveCfg = Release|Any CPU
		{9B9FA8C9-3537-4AAA-A0A8-3863636F1F77}.Release|Any CPU.Build.0 = Release|Any CPU
	EndGlobalSection
	GlobalSection(SolutionProperties) = preSolution
		HideSolutionNode = FALSE
	EndGlobalSection
	GlobalSection(ExtensibilityGlobals) = postSolution
		SolutionGuid = {5E0C6639-61C5-4A49-A2BA-A3B0A5A684AB}
	EndGlobalSection
EndGlobal
